Microsoft Visual Studio Solution File, Format Version 12.00
# Visual Studio Version 17
VisualStudioVersion = 17.5.2.0
MinimumVisualStudioVersion = 10.0.40219.1
Project("{FAE04EC0-301F-11D3-BF4B-00C04F79EFBC}") = "MetaMystia", "MetaMystia.csproj", "{3116A253-1CE5-4769-8532-4CE0E22CDB1B}"
EndProject
Global
	GlobalSection(SolutionConfigurationPlatforms) = preSolution
		Debug|Any CPU = Debug|Any CPU
		Release|Any CPU = Release|Any CPU
	EndGlobalSection
	GlobalSection(ProjectConfigurationPlatforms) = postSolution
		{3116A253-1CE5-4769-8532-4CE0E22CDB1B}.Debug|Any CPU.ActiveCfg = Debug|Any CPU
		{3116A253-1CE5-4769-8532-4CE0E22CDB1B}.Debug|Any CPU.Build.0 = Debug|Any CPU
		{3116A253-1CE5-4769-8532-4CE0E22CDB1B}.Release|Any CPU.ActiveCfg = Release|Any CPU
		{3116A253-1CE5-4769-8532-4CE0E22CDB1B}.Release|Any CPU.Build.0 = Release|Any CPU
	EndGlobalSection
	GlobalSection(SolutionProperties) = preSolution
		HideSolutionNode = FALSE
	EndGlobalSection
	GlobalSection(ExtensibilityGlobals) = postSolution
		SolutionGuid = {C3E907FF-3702-47A9-B1C1-F415BF723E06}
	EndGlobalSection
EndGlobal
